
Microsoft Visual Studio Solution File, Format Version 12.00
# Visual Studio Version 16
VisualStudioVersion = 16.0.30907.101
MinimumVisualStudioVersion = 10.0.40219.1
Project("{FAE04EC0-301F-11D3-BF4B-00C04F79EFBC}") = "ConsoleApp4", "ConsoleApp4\ConsoleApp4.csproj", "{D9DDFE50-E1AD-4398-A787-28C170FE637E}"
EndProject
Global
	GlobalSection(SolutionConfigurationPlatforms) = preSolution
		Debug|Any CPU = Debug|Any CPU
		Release|Any CPU = Release|Any CPU
	EndGlobalSection
	GlobalSection(ProjectConfigurationPlatforms) = postSolution
		{D9DDFE50-E1AD-4398-A787-28C170FE637E}.Debug|Any CPU.ActiveCfg = Debug|Any CPU
		{D9DDFE50-E1AD-4398-A787-28C170FE637E}.Debug|Any CPU.Build.0 = Debug|Any CPU
		{D9DDFE50-E1AD-4398-A787-28C170FE637E}.Release|Any CPU.ActiveCfg = Release|Any CPU
		{D9DDFE50-E1AD-4398-A787-28C170FE637E}.Release|Any CPU.Build.0 = Release|Any CPU
	EndGlobalSection
	GlobalSection(SolutionProperties) = preSolution
		HideSolutionNode = FALSE
	EndGlobalSection
	GlobalSection(ExtensibilityGlobals) = postSolution
		SolutionGuid = {FC765E72-06EB-41DD-9AEA-992B8A5B298B}
	EndGlobalSection
EndGlobal
